
Microsoft Visual Studio Solution File, Format Version 12.00
Project("{FAE04EC0-301F-11D3-BF4B-00C04F79EFBC}") = "httpcsharp", "httpcsharp\httpcsharp.csproj", "{991A43FD-FCDE-4A7F-8A5D-AB8739464133}"
EndProject
Global
	GlobalSection(SolutionConfigurationPlatforms) = preSolution
		Debug|Any CPU = Debug|Any CPU
		Release|Any CPU = Release|Any CPU
	EndGlobalSection
	GlobalSection(ProjectConfigurationPlatforms) = postSolution
		{991A43FD-FCDE-4A7F-8A5D-AB8739464133}.Debug|Any CPU.ActiveCfg = Debug|Any CPU
		{991A43FD-FCDE-4A7F-8A5D-AB8739464133}.Debug|Any CPU.Build.0 = Debug|Any CPU
		{991A43FD-FCDE-4A7F-8A5D-AB8739464133}.Release|Any CPU.ActiveCfg = Release|Any CPU
		{991A43FD-FCDE-4A7F-8A5D-AB8739464133}.Release|Any CPU.Build.0 = Release|Any CPU
	EndGlobalSection
EndGlobal
